
Microsoft Visual Studio Solution File, Format Version 12.00
# Visual Studio 2012
Project("{FAE04EC0-301F-11D3-BF4B-00C04F79EFBC}") = "BlogApp", "BlogApp\BlogApp.csproj", "{05FCF0AB-E966-44C2-89F4-5278C7A09204}"
EndProject
Project("{FAE04EC0-301F-11D3-BF4B-00C04F79EFBC}") = "Domain", "Domain\Domain.csproj", "{559C0D2F-C40C-48EA-881A-6A800F96F714}"
EndProject
Global
	GlobalSection(SolutionConfigurationPlatforms) = preSolution
		Debug|Any CPU = Debug|Any CPU
		Release|Any CPU = Release|Any CPU
	EndGlobalSection
	GlobalSection(ProjectConfigurationPlatforms) = postSolution
		{05FCF0AB-E966-44C2-89F4-5278C7A09204}.Debug|Any CPU.ActiveCfg = Debug|Any CPU
		{05FCF0AB-E966-44C2-89F4-5278C7A09204}.Debug|Any CPU.Build.0 = Debug|Any CPU
		{05FCF0AB-E966-44C2-89F4-5278C7A09204}.Release|Any CPU.ActiveCfg = Release|Any CPU
		{05FCF0AB-E966-44C2-89F4-5278C7A09204}.Release|Any CPU.Build.0 = Release|Any CPU
		{559C0D2F-C40C-48EA-881A-6A800F96F714}.Debug|Any CPU.ActiveCfg = Debug|Any CPU
		{559C0D2F-C40C-48EA-881A-6A800F96F714}.Debug|Any CPU.Build.0 = Debug|Any CPU
		{559C0D2F-C40C-48EA-881A-6A800F96F714}.Release|Any CPU.ActiveCfg = Release|Any CPU
		{559C0D2F-C40C-48EA-881A-6A800F96F714}.Release|Any CPU.Build.0 = Release|Any CPU
	EndGlobalSection
	GlobalSection(SolutionProperties) = preSolution
		HideSolutionNode = FALSE
	EndGlobalSection
EndGlobal
